
Microsoft Visual Studio Solution File, Format Version 12.00
# Visual Studio Version 17
VisualStudioVersion = 17.0.32014.148
MinimumVisualStudioVersion = 10.0.40219.1
Project("{FAE04EC0-301F-11D3-BF4B-00C04F79EFBC}") = "EcponentMethod", "EcponentMethod.csproj", "{FD774B6F-5FAD-45EF-9F1B-DF60583E4B95}"
EndProject
Global
	GlobalSection(SolutionConfigurationPlatforms) = preSolution
		Debug|Any CPU = Debug|Any CPU
		Release|Any CPU = Release|Any CPU
	EndGlobalSection
	GlobalSection(ProjectConfigurationPlatforms) = postSolution
		{FD774B6F-5FAD-45EF-9F1B-DF60583E4B95}.Debug|Any CPU.ActiveCfg = Debug|Any CPU
		{FD774B6F-5FAD-45EF-9F1B-DF60583E4B95}.Debug|Any CPU.Build.0 = Debug|Any CPU
		{FD774B6F-5FAD-45EF-9F1B-DF60583E4B95}.Release|Any CPU.ActiveCfg = Release|Any CPU
		{FD774B6F-5FAD-45EF-9F1B-DF60583E4B95}.Release|Any CPU.Build.0 = Release|Any CPU
	EndGlobalSection
	GlobalSection(SolutionProperties) = preSolution
		HideSolutionNode = FALSE
	EndGlobalSection
	GlobalSection(ExtensibilityGlobals) = postSolution
		SolutionGuid = {B80BCAE5-DF85-4A72-B7EF-D0EA6678032F}
	EndGlobalSection
EndGlobal
