
Microsoft Visual Studio Solution File, Format Version 12.00
# Visual Studio Version 17
VisualStudioVersion = 17.0.32014.148
MinimumVisualStudioVersion = 10.0.40219.1
Project("{FAE04EC0-301F-11D3-BF4B-00C04F79EFBC}") = "4stepCalculator", "4stepCalculator.csproj", "{52CFDEE8-E80B-4FD0-9047-D7774AA0D692}"
EndProject
Global
	GlobalSection(SolutionConfigurationPlatforms) = preSolution
		Debug|Any CPU = Debug|Any CPU
		Release|Any CPU = Release|Any CPU
	EndGlobalSection
	GlobalSection(ProjectConfigurationPlatforms) = postSolution
		{52CFDEE8-E80B-4FD0-9047-D7774AA0D692}.Debug|Any CPU.ActiveCfg = Debug|Any CPU
		{52CFDEE8-E80B-4FD0-9047-D7774AA0D692}.Debug|Any CPU.Build.0 = Debug|Any CPU
		{52CFDEE8-E80B-4FD0-9047-D7774AA0D692}.Release|Any CPU.ActiveCfg = Release|Any CPU
		{52CFDEE8-E80B-4FD0-9047-D7774AA0D692}.Release|Any CPU.Build.0 = Release|Any CPU
	EndGlobalSection
	GlobalSection(SolutionProperties) = preSolution
		HideSolutionNode = FALSE
	EndGlobalSection
	GlobalSection(ExtensibilityGlobals) = postSolution
		SolutionGuid = {3AD5BFB2-49CD-4589-844A-59146B4A27D2}
	EndGlobalSection
EndGlobal
