
Microsoft Visual Studio Solution File, Format Version 12.00
# Visual Studio Version 17
VisualStudioVersion = 17.0.32014.148
MinimumVisualStudioVersion = 10.0.40219.1
Project("{FAE04EC0-301F-11D3-BF4B-00C04F79EFBC}") = "ObjectMethod", "ObjectMethod.csproj", "{CE2BC396-7885-4732-BE9D-F9BBB767469B}"
EndProject
Global
	GlobalSection(SolutionConfigurationPlatforms) = preSolution
		Debug|Any CPU = Debug|Any CPU
		Release|Any CPU = Release|Any CPU
	EndGlobalSection
	GlobalSection(ProjectConfigurationPlatforms) = postSolution
		{CE2BC396-7885-4732-BE9D-F9BBB767469B}.Debug|Any CPU.ActiveCfg = Debug|Any CPU
		{CE2BC396-7885-4732-BE9D-F9BBB767469B}.Debug|Any CPU.Build.0 = Debug|Any CPU
		{CE2BC396-7885-4732-BE9D-F9BBB767469B}.Release|Any CPU.ActiveCfg = Release|Any CPU
		{CE2BC396-7885-4732-BE9D-F9BBB767469B}.Release|Any CPU.Build.0 = Release|Any CPU
	EndGlobalSection
	GlobalSection(SolutionProperties) = preSolution
		HideSolutionNode = FALSE
	EndGlobalSection
	GlobalSection(ExtensibilityGlobals) = postSolution
		SolutionGuid = {2A70D25C-2903-4653-8D72-4A1016FBD8A0}
	EndGlobalSection
EndGlobal
