
Microsoft Visual Studio Solution File, Format Version 12.00
# Visual Studio Version 17
VisualStudioVersion = 17.0.32014.148
MinimumVisualStudioVersion = 10.0.40219.1
Project("{FAE04EC0-301F-11D3-BF4B-00C04F79EFBC}") = "Week3CharpLabTask1", "Week3CharpLabTask1.csproj", "{6229D226-D1E5-4185-AEFC-0544F561BD57}"
EndProject
Global
	GlobalSection(SolutionConfigurationPlatforms) = preSolution
		Debug|Any CPU = Debug|Any CPU
		Release|Any CPU = Release|Any CPU
	EndGlobalSection
	GlobalSection(ProjectConfigurationPlatforms) = postSolution
		{6229D226-D1E5-4185-AEFC-0544F561BD57}.Debug|Any CPU.ActiveCfg = Debug|Any CPU
		{6229D226-D1E5-4185-AEFC-0544F561BD57}.Debug|Any CPU.Build.0 = Debug|Any CPU
		{6229D226-D1E5-4185-AEFC-0544F561BD57}.Release|Any CPU.ActiveCfg = Release|Any CPU
		{6229D226-D1E5-4185-AEFC-0544F561BD57}.Release|Any CPU.Build.0 = Release|Any CPU
	EndGlobalSection
	GlobalSection(SolutionProperties) = preSolution
		HideSolutionNode = FALSE
	EndGlobalSection
	GlobalSection(ExtensibilityGlobals) = postSolution
		SolutionGuid = {FEEBF413-A233-456C-B391-0372253ACE63}
	EndGlobalSection
EndGlobal
