
Microsoft Visual Studio Solution File, Format Version 12.00
# Visual Studio Version 17
VisualStudioVersion = 17.0.32014.148
MinimumVisualStudioVersion = 10.0.40219.1
Project("{FAE04EC0-301F-11D3-BF4B-00C04F79EFBC}") = "2D_Array", "2D_Array.csproj", "{6937D69C-0238-42E2-B8B8-5F2CD86C6123}"
EndProject
Global
	GlobalSection(SolutionConfigurationPlatforms) = preSolution
		Debug|Any CPU = Debug|Any CPU
		Release|Any CPU = Release|Any CPU
	EndGlobalSection
	GlobalSection(ProjectConfigurationPlatforms) = postSolution
		{6937D69C-0238-42E2-B8B8-5F2CD86C6123}.Debug|Any CPU.ActiveCfg = Debug|Any CPU
		{6937D69C-0238-42E2-B8B8-5F2CD86C6123}.Debug|Any CPU.Build.0 = Debug|Any CPU
		{6937D69C-0238-42E2-B8B8-5F2CD86C6123}.Release|Any CPU.ActiveCfg = Release|Any CPU
		{6937D69C-0238-42E2-B8B8-5F2CD86C6123}.Release|Any CPU.Build.0 = Release|Any CPU
	EndGlobalSection
	GlobalSection(SolutionProperties) = preSolution
		HideSolutionNode = FALSE
	EndGlobalSection
	GlobalSection(ExtensibilityGlobals) = postSolution
		SolutionGuid = {F67F233A-7016-4791-9828-C903ACE42A8E}
	EndGlobalSection
EndGlobal
