
Microsoft Visual Studio Solution File, Format Version 12.00
# Visual Studio Version 17
VisualStudioVersion = 17.0.32014.148
MinimumVisualStudioVersion = 10.0.40219.1
Project("{FAE04EC0-301F-11D3-BF4B-00C04F79EFBC}") = "GDFGD", "GDFGD.csproj", "{0C857871-AA81-439B-870D-E819D76FBE48}"
EndProject
Global
	GlobalSection(SolutionConfigurationPlatforms) = preSolution
		Debug|Any CPU = Debug|Any CPU
		Release|Any CPU = Release|Any CPU
	EndGlobalSection
	GlobalSection(ProjectConfigurationPlatforms) = postSolution
		{0C857871-AA81-439B-870D-E819D76FBE48}.Debug|Any CPU.ActiveCfg = Debug|Any CPU
		{0C857871-AA81-439B-870D-E819D76FBE48}.Debug|Any CPU.Build.0 = Debug|Any CPU
		{0C857871-AA81-439B-870D-E819D76FBE48}.Release|Any CPU.ActiveCfg = Release|Any CPU
		{0C857871-AA81-439B-870D-E819D76FBE48}.Release|Any CPU.Build.0 = Release|Any CPU
	EndGlobalSection
	GlobalSection(SolutionProperties) = preSolution
		HideSolutionNode = FALSE
	EndGlobalSection
	GlobalSection(ExtensibilityGlobals) = postSolution
		SolutionGuid = {E4CD3B34-12C3-49CB-A09D-BDD880F6A847}
	EndGlobalSection
EndGlobal
