
Microsoft Visual Studio Solution File, Format Version 12.00
# Visual Studio Version 17
VisualStudioVersion = 17.0.32014.148
MinimumVisualStudioVersion = 10.0.40219.1
Project("{FAE04EC0-301F-11D3-BF4B-00C04F79EFBC}") = "Firstclass_OOP2", "Firstclass_OOP2.csproj", "{F612497E-2CFE-421F-9898-E807AF38EEEE}"
EndProject
Global
	GlobalSection(SolutionConfigurationPlatforms) = preSolution
		Debug|Any CPU = Debug|Any CPU
		Release|Any CPU = Release|Any CPU
	EndGlobalSection
	GlobalSection(ProjectConfigurationPlatforms) = postSolution
		{F612497E-2CFE-421F-9898-E807AF38EEEE}.Debug|Any CPU.ActiveCfg = Debug|Any CPU
		{F612497E-2CFE-421F-9898-E807AF38EEEE}.Debug|Any CPU.Build.0 = Debug|Any CPU
		{F612497E-2CFE-421F-9898-E807AF38EEEE}.Release|Any CPU.ActiveCfg = Release|Any CPU
		{F612497E-2CFE-421F-9898-E807AF38EEEE}.Release|Any CPU.Build.0 = Release|Any CPU
	EndGlobalSection
	GlobalSection(SolutionProperties) = preSolution
		HideSolutionNode = FALSE
	EndGlobalSection
	GlobalSection(ExtensibilityGlobals) = postSolution
		SolutionGuid = {1D908B88-F5C9-498B-9865-A9D1129F2794}
	EndGlobalSection
EndGlobal
