
Microsoft Visual Studio Solution File, Format Version 12.00
# Visual Studio Version 17
VisualStudioVersion = 17.0.32014.148
MinimumVisualStudioVersion = 10.0.40219.1
Project("{FAE04EC0-301F-11D3-BF4B-00C04F79EFBC}") = "MinMax", "MinMax.csproj", "{C2F13451-5E6B-48CE-A4F7-FA5DDB448D62}"
EndProject
Global
	GlobalSection(SolutionConfigurationPlatforms) = preSolution
		Debug|Any CPU = Debug|Any CPU
		Release|Any CPU = Release|Any CPU
	EndGlobalSection
	GlobalSection(ProjectConfigurationPlatforms) = postSolution
		{C2F13451-5E6B-48CE-A4F7-FA5DDB448D62}.Debug|Any CPU.ActiveCfg = Debug|Any CPU
		{C2F13451-5E6B-48CE-A4F7-FA5DDB448D62}.Debug|Any CPU.Build.0 = Debug|Any CPU
		{C2F13451-5E6B-48CE-A4F7-FA5DDB448D62}.Release|Any CPU.ActiveCfg = Release|Any CPU
		{C2F13451-5E6B-48CE-A4F7-FA5DDB448D62}.Release|Any CPU.Build.0 = Release|Any CPU
	EndGlobalSection
	GlobalSection(SolutionProperties) = preSolution
		HideSolutionNode = FALSE
	EndGlobalSection
	GlobalSection(ExtensibilityGlobals) = postSolution
		SolutionGuid = {B4AE81D9-6F67-46B3-B5DC-85B9F7750255}
	EndGlobalSection
EndGlobal
