
Microsoft Visual Studio Solution File, Format Version 12.00
# Visual Studio Version 17
VisualStudioVersion = 17.0.32014.148
MinimumVisualStudioVersion = 10.0.40219.1
Project("{FAE04EC0-301F-11D3-BF4B-00C04F79EFBC}") = "lab4_Mobile", "lab4_Mobile.csproj", "{4D30EEE0-44AA-4FCF-BF04-6CB3C499B048}"
EndProject
Global
	GlobalSection(SolutionConfigurationPlatforms) = preSolution
		Debug|Any CPU = Debug|Any CPU
		Release|Any CPU = Release|Any CPU
	EndGlobalSection
	GlobalSection(ProjectConfigurationPlatforms) = postSolution
		{4D30EEE0-44AA-4FCF-BF04-6CB3C499B048}.Debug|Any CPU.ActiveCfg = Debug|Any CPU
		{4D30EEE0-44AA-4FCF-BF04-6CB3C499B048}.Debug|Any CPU.Build.0 = Debug|Any CPU
		{4D30EEE0-44AA-4FCF-BF04-6CB3C499B048}.Release|Any CPU.ActiveCfg = Release|Any CPU
		{4D30EEE0-44AA-4FCF-BF04-6CB3C499B048}.Release|Any CPU.Build.0 = Release|Any CPU
	EndGlobalSection
	GlobalSection(SolutionProperties) = preSolution
		HideSolutionNode = FALSE
	EndGlobalSection
	GlobalSection(ExtensibilityGlobals) = postSolution
		SolutionGuid = {946115CE-EF9C-46A6-B7FD-00E1D00BBE95}
	EndGlobalSection
EndGlobal
