
Microsoft Visual Studio Solution File, Format Version 12.00
# Visual Studio Version 17
VisualStudioVersion = 17.0.32014.148
MinimumVisualStudioVersion = 10.0.40219.1
Project("{FAE04EC0-301F-11D3-BF4B-00C04F79EFBC}") = "Week3Task4", "Week3Task4.csproj", "{DF6C3FDD-AB2A-4961-849E-58E0CB17EE17}"
EndProject
Global
	GlobalSection(SolutionConfigurationPlatforms) = preSolution
		Debug|Any CPU = Debug|Any CPU
		Release|Any CPU = Release|Any CPU
	EndGlobalSection
	GlobalSection(ProjectConfigurationPlatforms) = postSolution
		{DF6C3FDD-AB2A-4961-849E-58E0CB17EE17}.Debug|Any CPU.ActiveCfg = Debug|Any CPU
		{DF6C3FDD-AB2A-4961-849E-58E0CB17EE17}.Debug|Any CPU.Build.0 = Debug|Any CPU
		{DF6C3FDD-AB2A-4961-849E-58E0CB17EE17}.Release|Any CPU.ActiveCfg = Release|Any CPU
		{DF6C3FDD-AB2A-4961-849E-58E0CB17EE17}.Release|Any CPU.Build.0 = Release|Any CPU
	EndGlobalSection
	GlobalSection(SolutionProperties) = preSolution
		HideSolutionNode = FALSE
	EndGlobalSection
	GlobalSection(ExtensibilityGlobals) = postSolution
		SolutionGuid = {B97A6E63-A8FA-4867-8F8C-02E94AA39D38}
	EndGlobalSection
EndGlobal
