
Microsoft Visual Studio Solution File, Format Version 12.00
# Visual Studio Version 17
VisualStudioVersion = 17.0.32014.148
MinimumVisualStudioVersion = 10.0.40219.1
Project("{FAE04EC0-301F-11D3-BF4B-00C04F79EFBC}") = "Lab4_3(Contact)", "Lab4_3(Contact).csproj", "{C04B515C-F2F8-43B8-9FBA-AD68158FA738}"
EndProject
Global
	GlobalSection(SolutionConfigurationPlatforms) = preSolution
		Debug|Any CPU = Debug|Any CPU
		Release|Any CPU = Release|Any CPU
	EndGlobalSection
	GlobalSection(ProjectConfigurationPlatforms) = postSolution
		{C04B515C-F2F8-43B8-9FBA-AD68158FA738}.Debug|Any CPU.ActiveCfg = Debug|Any CPU
		{C04B515C-F2F8-43B8-9FBA-AD68158FA738}.Debug|Any CPU.Build.0 = Debug|Any CPU
		{C04B515C-F2F8-43B8-9FBA-AD68158FA738}.Release|Any CPU.ActiveCfg = Release|Any CPU
		{C04B515C-F2F8-43B8-9FBA-AD68158FA738}.Release|Any CPU.Build.0 = Release|Any CPU
	EndGlobalSection
	GlobalSection(SolutionProperties) = preSolution
		HideSolutionNode = FALSE
	EndGlobalSection
	GlobalSection(ExtensibilityGlobals) = postSolution
		SolutionGuid = {C9C93192-6CB1-4BBB-897B-729DE0C101D6}
	EndGlobalSection
EndGlobal
