
Microsoft Visual Studio Solution File, Format Version 12.00
# Visual Studio Version 17
VisualStudioVersion = 17.0.32014.148
MinimumVisualStudioVersion = 10.0.40219.1
Project("{FAE04EC0-301F-11D3-BF4B-00C04F79EFBC}") = "SwitchStatement", "SwitchStatement.csproj", "{9BE23B3A-3FF7-42E5-BCB8-B0D6DE5153B5}"
EndProject
Global
	GlobalSection(SolutionConfigurationPlatforms) = preSolution
		Debug|Any CPU = Debug|Any CPU
		Release|Any CPU = Release|Any CPU
	EndGlobalSection
	GlobalSection(ProjectConfigurationPlatforms) = postSolution
		{9BE23B3A-3FF7-42E5-BCB8-B0D6DE5153B5}.Debug|Any CPU.ActiveCfg = Debug|Any CPU
		{9BE23B3A-3FF7-42E5-BCB8-B0D6DE5153B5}.Debug|Any CPU.Build.0 = Debug|Any CPU
		{9BE23B3A-3FF7-42E5-BCB8-B0D6DE5153B5}.Release|Any CPU.ActiveCfg = Release|Any CPU
		{9BE23B3A-3FF7-42E5-BCB8-B0D6DE5153B5}.Release|Any CPU.Build.0 = Release|Any CPU
	EndGlobalSection
	GlobalSection(SolutionProperties) = preSolution
		HideSolutionNode = FALSE
	EndGlobalSection
	GlobalSection(ExtensibilityGlobals) = postSolution
		SolutionGuid = {51140E1F-5F65-4015-9749-C091B477CB23}
	EndGlobalSection
EndGlobal
